
Microsoft Visual Studio Solution File, Format Version 12.00
# Visual Studio Version 17
VisualStudioVersion = 17.7.34024.191
MinimumVisualStudioVersion = 10.0.40219.1
Project("{9A19103F-16F7-4668-BE54-9A1E7A4F7556}") = "AstroidExam", "AstroidExam.csproj", "{BB40B09F-6940-41A5-BC2A-73BA31ECF65D}"
EndProject
Global
	GlobalSection(SolutionConfigurationPlatforms) = preSolution
		Debug|Any CPU = Debug|Any CPU
		Release|Any CPU = Release|Any CPU
	EndGlobalSection
	GlobalSection(ProjectConfigurationPlatforms) = postSolution
		{BB40B09F-6940-41A5-BC2A-73BA31ECF65D}.Debug|Any CPU.ActiveCfg = Debug|Any CPU
		{BB40B09F-6940-41A5-BC2A-73BA31ECF65D}.Debug|Any CPU.Build.0 = Debug|Any CPU
		{BB40B09F-6940-41A5-BC2A-73BA31ECF65D}.Release|Any CPU.ActiveCfg = Release|Any CPU
		{BB40B09F-6940-41A5-BC2A-73BA31ECF65D}.Release|Any CPU.Build.0 = Release|Any CPU
	EndGlobalSection
	GlobalSection(SolutionProperties) = preSolution
		HideSolutionNode = FALSE
	EndGlobalSection
	GlobalSection(ExtensibilityGlobals) = postSolution
		SolutionGuid = {B8C13E6D-25B7-47A1-8F8B-2B0785B9A3FE}
	EndGlobalSection
EndGlobal
